{
    "_meta": {
        "hash": {
            "sha256": "f03d64f6acfaaada224e10bd0ea7fff8379af8d09164031c3547a0481c364890"
        },
        "pipfile-spec": 6,
        "requires": {
            "python_version": "3.7"
        },
        "sources": [
            {
                "name": "pypi",
                "url": "https://pypi.org/simple",
                "verify_ssl": true
            }
        ]
    },
    "default": {
        "dnslib": {
            "hashes": [
                "sha256:7310cc27565d1f36d2c975483647803d959e3d4aac3b4498a8168768b6fc00c9",
                "sha256:c206f09948f3ad17884adffdb552b700072c6022fa59744a0f0606114c475e19"
            ],
            "index": "pypi",
            "version": "==0.9.12"
        },
        "pysocks": {
            "hashes": [
                "sha256:08e69f092cc6dbe92a0fdd16eeb9b9ffbc13cadfe5ca4c7bd92ffb078b293299",
                "sha256:2725bd0a9925919b9b51739eea5f9e2bae91e83288108a9ad338b2e3a4435ee5",
                "sha256:3f8804571ebe159c380ac6de37643bb4685970655d3bba243530d6558b799aa0"
            ],
            "index": "pypi",
            "version": "==1.7.1"
        }
    },
    "develop": {}
}
